
Microsoft Visual Studio Solution File, Format Version 12.00
# Visual Studio 14
VisualStudioVersion = 14.0.24720.0
MinimumVisualStudioVersion = 10.0.40219.1
Project("{2150E333-8FDC-42A3-9474-1A3956D46DE8}") = "Test", "Test", "{5116B518-A970-4F2A-93C3-87A648BFF041}"
EndProject
Project("{2150E333-8FDC-42A3-9474-1A3956D46DE8}") = "UnitIntegrationTests", "UnitIntegrationTests", "{569AB2D5-58DE-4E97-B836-E9D7F1A6ADA0}"
EndProject
Project("{2150E333-8FDC-42A3-9474-1A3956D46DE8}") = "UnitTests", "UnitTests", "{F83E8E42-5D44-4025-AD7D-24989959BCC6}"
EndProject
Project("{2150E333-8FDC-42A3-9474-1A3956D46DE8}") = "Common", "Common", "{1E3A926D-0F1F-4F7C-8DC1-356BEA1DB362}"
EndProject
Project("{2150E333-8FDC-42A3-9474-1A3956D46DE8}") = "Documentation", "Documentation", "{305F77CB-88DF-4954-80C3-06B50ABD26E4}"
EndProject
Project("{FAE04EC0-301F-11D3-BF4B-00C04F79EFBC}") = "DecaTec.WebDav", "DecaTec.WebDav\DecaTec.WebDav.csproj", "{E20B6616-B1A4-4F8B-A5A5-DE33E951ECC0}"
EndProject
Project("{FAE04EC0-301F-11D3-BF4B-00C04F79EFBC}") = "DecaTec.WebDav.Test.Common", "DecaTec.WebDavTest.Common\DecaTec.WebDav.Test.Common.csproj", "{0F43E187-6D28-4A30-B50E-132F7A81F20E}"
EndProject
Project("{FAE04EC0-301F-11D3-BF4B-00C04F79EFBC}") = "DecaTec.WebDav.Test.UnitIntegrationTest", "DecaTec.WebDav.Test.UnitIntegrationTest\DecaTec.WebDav.Test.UnitIntegrationTest.csproj", "{1107064D-9692-4301-971F-6456A00674A9}"
EndProject
Project("{FAE04EC0-301F-11D3-BF4B-00C04F79EFBC}") = "DecaTec.WebDav.Test.UnitTest", "DecaTec.WebDav.Test.UnitTest\DecaTec.WebDav.Test.UnitTest.csproj", "{84FF3C33-8230-421D-8FF8-0D506562DA2D}"
EndProject
Project("{7CF6DF6D-3B04-46F8-A40B-537D21BCA0B4}") = "DecaTec.WebDav.Documentation", "DecaTec.WebDav.Documentation\DecaTec.WebDav.Documentation.shfbproj", "{F6C99C88-722B-4346-BB06-9B8711C24183}"
EndProject
Global
	GlobalSection(SolutionConfigurationPlatforms) = preSolution
		Debug|Any CPU = Debug|Any CPU
		Release|Any CPU = Release|Any CPU
	EndGlobalSection
	GlobalSection(ProjectConfigurationPlatforms) = postSolution
		{E20B6616-B1A4-4F8B-A5A5-DE33E951ECC0}.Debug|Any CPU.ActiveCfg = Debug|Any CPU
		{E20B6616-B1A4-4F8B-A5A5-DE33E951ECC0}.Debug|Any CPU.Build.0 = Debug|Any CPU
		{E20B6616-B1A4-4F8B-A5A5-DE33E951ECC0}.Release|Any CPU.ActiveCfg = Release|Any CPU
		{E20B6616-B1A4-4F8B-A5A5-DE33E951ECC0}.Release|Any CPU.Build.0 = Release|Any CPU
		{0F43E187-6D28-4A30-B50E-132F7A81F20E}.Debug|Any CPU.ActiveCfg = Debug|Any CPU
		{0F43E187-6D28-4A30-B50E-132F7A81F20E}.Debug|Any CPU.Build.0 = Debug|Any CPU
		{0F43E187-6D28-4A30-B50E-132F7A81F20E}.Release|Any CPU.ActiveCfg = Release|Any CPU
		{0F43E187-6D28-4A30-B50E-132F7A81F20E}.Release|Any CPU.Build.0 = Release|Any CPU
		{1107064D-9692-4301-971F-6456A00674A9}.Debug|Any CPU.ActiveCfg = Debug|Any CPU
		{1107064D-9692-4301-971F-6456A00674A9}.Debug|Any CPU.Build.0 = Debug|Any CPU
		{1107064D-9692-4301-971F-6456A00674A9}.Release|Any CPU.ActiveCfg = Release|Any CPU
		{1107064D-9692-4301-971F-6456A00674A9}.Release|Any CPU.Build.0 = Release|Any CPU
		{84FF3C33-8230-421D-8FF8-0D506562DA2D}.Debug|Any CPU.ActiveCfg = Debug|Any CPU
		{84FF3C33-8230-421D-8FF8-0D506562DA2D}.Debug|Any CPU.Build.0 = Debug|Any CPU
		{84FF3C33-8230-421D-8FF8-0D506562DA2D}.Release|Any CPU.ActiveCfg = Release|Any CPU
		{84FF3C33-8230-421D-8FF8-0D506562DA2D}.Release|Any CPU.Build.0 = Release|Any CPU
		{F6C99C88-722B-4346-BB06-9B8711C24183}.Debug|Any CPU.ActiveCfg = Debug|Any CPU
		{F6C99C88-722B-4346-BB06-9B8711C24183}.Release|Any CPU.ActiveCfg = Release|Any CPU
		{F6C99C88-722B-4346-BB06-9B8711C24183}.Release|Any CPU.Build.0 = Release|Any CPU
	EndGlobalSection
	GlobalSection(SolutionProperties) = preSolution
		HideSolutionNode = FALSE
	EndGlobalSection
	GlobalSection(NestedProjects) = preSolution
		{569AB2D5-58DE-4E97-B836-E9D7F1A6ADA0} = {5116B518-A970-4F2A-93C3-87A648BFF041}
		{F83E8E42-5D44-4025-AD7D-24989959BCC6} = {5116B518-A970-4F2A-93C3-87A648BFF041}
		{1E3A926D-0F1F-4F7C-8DC1-356BEA1DB362} = {5116B518-A970-4F2A-93C3-87A648BFF041}
		{0F43E187-6D28-4A30-B50E-132F7A81F20E} = {1E3A926D-0F1F-4F7C-8DC1-356BEA1DB362}
		{1107064D-9692-4301-971F-6456A00674A9} = {569AB2D5-58DE-4E97-B836-E9D7F1A6ADA0}
		{84FF3C33-8230-421D-8FF8-0D506562DA2D} = {F83E8E42-5D44-4025-AD7D-24989959BCC6}
		{F6C99C88-722B-4346-BB06-9B8711C24183} = {305F77CB-88DF-4954-80C3-06B50ABD26E4}
	EndGlobalSection
EndGlobal
