
Microsoft Visual Studio Solution File, Format Version 12.00
# Visual Studio 14
VisualStudioVersion = 14.0.25420.1
MinimumVisualStudioVersion = 10.0.40219.1
Project("{2150E333-8FDC-42A3-9474-1A3956D46DE8}") = "NetFx", "NetFx", "{5A3E9CBE-D0E6-420F-8936-0FBDF5B8631A}"
EndProject
Project("{2150E333-8FDC-42A3-9474-1A3956D46DE8}") = "Uwp", "Uwp", "{3CA040FC-007C-441B-BBDB-22D95855D242}"
EndProject
Project("{2150E333-8FDC-42A3-9474-1A3956D46DE8}") = "UnitTests", "UnitTests", "{61CE62FF-89C3-46DC-9809-8CACBC7DB1EF}"
EndProject
Project("{2150E333-8FDC-42A3-9474-1A3956D46DE8}") = "UnitTests", "UnitTests", "{AFA9E64E-B021-4331-BE57-BE1A67735638}"
EndProject
Project("{2150E333-8FDC-42A3-9474-1A3956D46DE8}") = "Documentation", "Documentation", "{9D732A27-D124-47A8-9D69-65A56350C50F}"
EndProject
Project("{2150E333-8FDC-42A3-9474-1A3956D46DE8}") = "Documentation", "Documentation", "{F3F641DF-F0C0-46D0-8B2E-717BA76EA449}"
EndProject
Project("{FAE04EC0-301F-11D3-BF4B-00C04F79EFBC}") = "DecaTec.WebDav.Uwp", "Uwp\DecaTec.WebDav.Uwp\DecaTec.WebDav.Uwp.csproj", "{98A5765E-C0C8-4549-84F9-B0B0946E1A72}"
EndProject
Project("{FAE04EC0-301F-11D3-BF4B-00C04F79EFBC}") = "DecaTec.WebDav.NetFx", "NetFx\DecaTec.WebDav.NetFx\DecaTec.WebDav.NetFx.csproj", "{E20B6616-B1A4-4F8B-A5A5-DE33E951ECC0}"
EndProject
Project("{FAE04EC0-301F-11D3-BF4B-00C04F79EFBC}") = "DecaTec.WebDav.NetFx.UnitIntegrationTest", "NetFx\UnitTests\DecaTec.WebDav.NetFx.UnitIntegrationTest\DecaTec.WebDav.NetFx.UnitIntegrationTest.csproj", "{1107064D-9692-4301-971F-6456A00674A9}"
EndProject
Project("{FAE04EC0-301F-11D3-BF4B-00C04F79EFBC}") = "DecaTec.WebDav.NetFx.UnitTest", "NetFx\UnitTests\DecaTec.WebDav.NetFx.UnitTest\DecaTec.WebDav.NetFx.UnitTest.csproj", "{84FF3C33-8230-421D-8FF8-0D506562DA2D}"
EndProject
Project("{7CF6DF6D-3B04-46F8-A40B-537D21BCA0B4}") = "DecaTec.WebDav.NetFx.Documentation", "NetFx\Documentation\DecaTec.WebDav.NetFx.Documentation\DecaTec.WebDav.NetFx.Documentation.shfbproj", "{F6C99C88-722B-4346-BB06-9B8711C24183}"
EndProject
Project("{7CF6DF6D-3B04-46F8-A40B-537D21BCA0B4}") = "DecaTec.WebDav.Uwp.Documentation", "Uwp\Documentation\DecaTec.WebDav.Uwp.Documentation\DecaTec.WebDav.Uwp.Documentation.shfbproj", "{1E09588D-03F5-40E1-AB79-707D21189763}"
EndProject
Project("{FAE04EC0-301F-11D3-BF4B-00C04F79EFBC}") = "DecaTec.WebDav.Uwp.UnitTest", "Uwp\UnitTests\DecaTec.WebDav.Uwp.UnitTest\DecaTec.WebDav.Uwp.UnitTest.csproj", "{138AFA4A-3E54-4577-A7B8-F3EEEE04918F}"
EndProject
Project("{FAE04EC0-301F-11D3-BF4B-00C04F79EFBC}") = "DecaTec.WebDav.Uwp.UnitIntegrationTest", "Uwp\UnitTests\DecaTec.WebDav.Uwp.UnitIntegrationTest\DecaTec.WebDav.Uwp.UnitIntegrationTest.csproj", "{42D16C18-94C2-4DE2-B51D-99AD7CC0749F}"
EndProject
Project("{2150E333-8FDC-42A3-9474-1A3956D46DE8}") = "Shared", "Shared", "{2CD03D27-70F0-43DD-B46C-559ACC7B7C44}"
EndProject
Project("{D954291E-2A0B-460D-934E-DC6B0785DB48}") = "DecaTec.WebDav.Shared", "Shared\DecaTec.WebDav.Shared\DecaTec.WebDav.Shared.shproj", "{E6697624-E797-4320-BE35-1C2376A5DC37}"
EndProject
Project("{2150E333-8FDC-42A3-9474-1A3956D46DE8}") = "Solution Items", "Solution Items", "{47502D0D-34FF-41CD-A1A9-0C2C2F9FB0BC}"
	ProjectSection(SolutionItems) = preProject
		global.json = global.json
		README.md = README.md
	EndProjectSection
EndProject
Project("{2150E333-8FDC-42A3-9474-1A3956D46DE8}") = "src", "src", "{3716EAD6-04E0-4787-BC5D-9C191D3C587A}"
EndProject
Project("{8BB2217D-0F2D-49D1-97BC-3654ED321F3B}") = "DecaTec.WebDav", "src\DecaTec.WebDav\DecaTec.WebDav.xproj", "{9910F489-65B6-45E5-878B-83052A5F6435}"
EndProject
Global
	GlobalSection(SharedMSBuildProjectFiles) = preSolution
		Shared\DecaTec.WebDav.Shared\DecaTec.WebDav.Shared.projitems*{98a5765e-c0c8-4549-84f9-b0b0946e1a72}*SharedItemsImports = 4
		Shared\DecaTec.WebDav.Shared\DecaTec.WebDav.Shared.projitems*{e20b6616-b1a4-4f8b-a5a5-de33e951ecc0}*SharedItemsImports = 4
		Shared\DecaTec.WebDav.Shared\DecaTec.WebDav.Shared.projitems*{e6697624-e797-4320-be35-1c2376a5dc37}*SharedItemsImports = 13
	EndGlobalSection
	GlobalSection(SolutionConfigurationPlatforms) = preSolution
		Debug|Any CPU = Debug|Any CPU
		Debug|ARM = Debug|ARM
		Debug|x64 = Debug|x64
		Debug|x86 = Debug|x86
		Release|Any CPU = Release|Any CPU
		Release|ARM = Release|ARM
		Release|x64 = Release|x64
		Release|x86 = Release|x86
	EndGlobalSection
	GlobalSection(ProjectConfigurationPlatforms) = postSolution
		{98A5765E-C0C8-4549-84F9-B0B0946E1A72}.Debug|Any CPU.ActiveCfg = Debug|Any CPU
		{98A5765E-C0C8-4549-84F9-B0B0946E1A72}.Debug|Any CPU.Build.0 = Debug|Any CPU
		{98A5765E-C0C8-4549-84F9-B0B0946E1A72}.Debug|ARM.ActiveCfg = Debug|Any CPU
		{98A5765E-C0C8-4549-84F9-B0B0946E1A72}.Debug|ARM.Build.0 = Debug|Any CPU
		{98A5765E-C0C8-4549-84F9-B0B0946E1A72}.Debug|x64.ActiveCfg = Debug|Any CPU
		{98A5765E-C0C8-4549-84F9-B0B0946E1A72}.Debug|x64.Build.0 = Debug|Any CPU
		{98A5765E-C0C8-4549-84F9-B0B0946E1A72}.Debug|x86.ActiveCfg = Debug|Any CPU
		{98A5765E-C0C8-4549-84F9-B0B0946E1A72}.Debug|x86.Build.0 = Debug|Any CPU
		{98A5765E-C0C8-4549-84F9-B0B0946E1A72}.Release|Any CPU.ActiveCfg = Release|Any CPU
		{98A5765E-C0C8-4549-84F9-B0B0946E1A72}.Release|Any CPU.Build.0 = Release|Any CPU
		{98A5765E-C0C8-4549-84F9-B0B0946E1A72}.Release|ARM.ActiveCfg = Release|Any CPU
		{98A5765E-C0C8-4549-84F9-B0B0946E1A72}.Release|ARM.Build.0 = Release|Any CPU
		{98A5765E-C0C8-4549-84F9-B0B0946E1A72}.Release|x64.ActiveCfg = Release|Any CPU
		{98A5765E-C0C8-4549-84F9-B0B0946E1A72}.Release|x64.Build.0 = Release|Any CPU
		{98A5765E-C0C8-4549-84F9-B0B0946E1A72}.Release|x86.ActiveCfg = Release|Any CPU
		{98A5765E-C0C8-4549-84F9-B0B0946E1A72}.Release|x86.Build.0 = Release|Any CPU
		{E20B6616-B1A4-4F8B-A5A5-DE33E951ECC0}.Debug|Any CPU.ActiveCfg = Debug|Any CPU
		{E20B6616-B1A4-4F8B-A5A5-DE33E951ECC0}.Debug|Any CPU.Build.0 = Debug|Any CPU
		{E20B6616-B1A4-4F8B-A5A5-DE33E951ECC0}.Debug|ARM.ActiveCfg = Debug|Any CPU
		{E20B6616-B1A4-4F8B-A5A5-DE33E951ECC0}.Debug|ARM.Build.0 = Debug|Any CPU
		{E20B6616-B1A4-4F8B-A5A5-DE33E951ECC0}.Debug|x64.ActiveCfg = Debug|Any CPU
		{E20B6616-B1A4-4F8B-A5A5-DE33E951ECC0}.Debug|x64.Build.0 = Debug|Any CPU
		{E20B6616-B1A4-4F8B-A5A5-DE33E951ECC0}.Debug|x86.ActiveCfg = Debug|Any CPU
		{E20B6616-B1A4-4F8B-A5A5-DE33E951ECC0}.Debug|x86.Build.0 = Debug|Any CPU
		{E20B6616-B1A4-4F8B-A5A5-DE33E951ECC0}.Release|Any CPU.ActiveCfg = Release|Any CPU
		{E20B6616-B1A4-4F8B-A5A5-DE33E951ECC0}.Release|Any CPU.Build.0 = Release|Any CPU
		{E20B6616-B1A4-4F8B-A5A5-DE33E951ECC0}.Release|ARM.ActiveCfg = Release|Any CPU
		{E20B6616-B1A4-4F8B-A5A5-DE33E951ECC0}.Release|ARM.Build.0 = Release|Any CPU
		{E20B6616-B1A4-4F8B-A5A5-DE33E951ECC0}.Release|x64.ActiveCfg = Release|Any CPU
		{E20B6616-B1A4-4F8B-A5A5-DE33E951ECC0}.Release|x64.Build.0 = Release|Any CPU
		{E20B6616-B1A4-4F8B-A5A5-DE33E951ECC0}.Release|x86.ActiveCfg = Release|Any CPU
		{E20B6616-B1A4-4F8B-A5A5-DE33E951ECC0}.Release|x86.Build.0 = Release|Any CPU
		{1107064D-9692-4301-971F-6456A00674A9}.Debug|Any CPU.ActiveCfg = Debug|Any CPU
		{1107064D-9692-4301-971F-6456A00674A9}.Debug|Any CPU.Build.0 = Debug|Any CPU
		{1107064D-9692-4301-971F-6456A00674A9}.Debug|ARM.ActiveCfg = Debug|Any CPU
		{1107064D-9692-4301-971F-6456A00674A9}.Debug|ARM.Build.0 = Debug|Any CPU
		{1107064D-9692-4301-971F-6456A00674A9}.Debug|x64.ActiveCfg = Debug|Any CPU
		{1107064D-9692-4301-971F-6456A00674A9}.Debug|x64.Build.0 = Debug|Any CPU
		{1107064D-9692-4301-971F-6456A00674A9}.Debug|x86.ActiveCfg = Debug|Any CPU
		{1107064D-9692-4301-971F-6456A00674A9}.Debug|x86.Build.0 = Debug|Any CPU
		{1107064D-9692-4301-971F-6456A00674A9}.Release|Any CPU.ActiveCfg = Release|Any CPU
		{1107064D-9692-4301-971F-6456A00674A9}.Release|Any CPU.Build.0 = Release|Any CPU
		{1107064D-9692-4301-971F-6456A00674A9}.Release|ARM.ActiveCfg = Release|Any CPU
		{1107064D-9692-4301-971F-6456A00674A9}.Release|ARM.Build.0 = Release|Any CPU
		{1107064D-9692-4301-971F-6456A00674A9}.Release|x64.ActiveCfg = Release|Any CPU
		{1107064D-9692-4301-971F-6456A00674A9}.Release|x64.Build.0 = Release|Any CPU
		{1107064D-9692-4301-971F-6456A00674A9}.Release|x86.ActiveCfg = Release|Any CPU
		{1107064D-9692-4301-971F-6456A00674A9}.Release|x86.Build.0 = Release|Any CPU
		{84FF3C33-8230-421D-8FF8-0D506562DA2D}.Debug|Any CPU.ActiveCfg = Debug|Any CPU
		{84FF3C33-8230-421D-8FF8-0D506562DA2D}.Debug|Any CPU.Build.0 = Debug|Any CPU
		{84FF3C33-8230-421D-8FF8-0D506562DA2D}.Debug|ARM.ActiveCfg = Debug|Any CPU
		{84FF3C33-8230-421D-8FF8-0D506562DA2D}.Debug|ARM.Build.0 = Debug|Any CPU
		{84FF3C33-8230-421D-8FF8-0D506562DA2D}.Debug|x64.ActiveCfg = Debug|Any CPU
		{84FF3C33-8230-421D-8FF8-0D506562DA2D}.Debug|x64.Build.0 = Debug|Any CPU
		{84FF3C33-8230-421D-8FF8-0D506562DA2D}.Debug|x86.ActiveCfg = Debug|Any CPU
		{84FF3C33-8230-421D-8FF8-0D506562DA2D}.Debug|x86.Build.0 = Debug|Any CPU
		{84FF3C33-8230-421D-8FF8-0D506562DA2D}.Release|Any CPU.ActiveCfg = Release|Any CPU
		{84FF3C33-8230-421D-8FF8-0D506562DA2D}.Release|Any CPU.Build.0 = Release|Any CPU
		{84FF3C33-8230-421D-8FF8-0D506562DA2D}.Release|ARM.ActiveCfg = Release|Any CPU
		{84FF3C33-8230-421D-8FF8-0D506562DA2D}.Release|ARM.Build.0 = Release|Any CPU
		{84FF3C33-8230-421D-8FF8-0D506562DA2D}.Release|x64.ActiveCfg = Release|Any CPU
		{84FF3C33-8230-421D-8FF8-0D506562DA2D}.Release|x64.Build.0 = Release|Any CPU
		{84FF3C33-8230-421D-8FF8-0D506562DA2D}.Release|x86.ActiveCfg = Release|Any CPU
		{84FF3C33-8230-421D-8FF8-0D506562DA2D}.Release|x86.Build.0 = Release|Any CPU
		{F6C99C88-722B-4346-BB06-9B8711C24183}.Debug|Any CPU.ActiveCfg = Debug|Any CPU
		{F6C99C88-722B-4346-BB06-9B8711C24183}.Debug|ARM.ActiveCfg = Debug|Any CPU
		{F6C99C88-722B-4346-BB06-9B8711C24183}.Debug|ARM.Build.0 = Debug|Any CPU
		{F6C99C88-722B-4346-BB06-9B8711C24183}.Debug|x64.ActiveCfg = Debug|Any CPU
		{F6C99C88-722B-4346-BB06-9B8711C24183}.Debug|x64.Build.0 = Debug|Any CPU
		{F6C99C88-722B-4346-BB06-9B8711C24183}.Debug|x86.ActiveCfg = Debug|Any CPU
		{F6C99C88-722B-4346-BB06-9B8711C24183}.Debug|x86.Build.0 = Debug|Any CPU
		{F6C99C88-722B-4346-BB06-9B8711C24183}.Release|Any CPU.ActiveCfg = Release|Any CPU
		{F6C99C88-722B-4346-BB06-9B8711C24183}.Release|Any CPU.Build.0 = Release|Any CPU
		{F6C99C88-722B-4346-BB06-9B8711C24183}.Release|ARM.ActiveCfg = Release|Any CPU
		{F6C99C88-722B-4346-BB06-9B8711C24183}.Release|ARM.Build.0 = Release|Any CPU
		{F6C99C88-722B-4346-BB06-9B8711C24183}.Release|x64.ActiveCfg = Release|Any CPU
		{F6C99C88-722B-4346-BB06-9B8711C24183}.Release|x64.Build.0 = Release|Any CPU
		{F6C99C88-722B-4346-BB06-9B8711C24183}.Release|x86.ActiveCfg = Release|Any CPU
		{F6C99C88-722B-4346-BB06-9B8711C24183}.Release|x86.Build.0 = Release|Any CPU
		{1E09588D-03F5-40E1-AB79-707D21189763}.Debug|Any CPU.ActiveCfg = Debug|Any CPU
		{1E09588D-03F5-40E1-AB79-707D21189763}.Debug|ARM.ActiveCfg = Debug|Any CPU
		{1E09588D-03F5-40E1-AB79-707D21189763}.Debug|ARM.Build.0 = Debug|Any CPU
		{1E09588D-03F5-40E1-AB79-707D21189763}.Debug|x64.ActiveCfg = Debug|Any CPU
		{1E09588D-03F5-40E1-AB79-707D21189763}.Debug|x64.Build.0 = Debug|Any CPU
		{1E09588D-03F5-40E1-AB79-707D21189763}.Debug|x86.ActiveCfg = Debug|Any CPU
		{1E09588D-03F5-40E1-AB79-707D21189763}.Debug|x86.Build.0 = Debug|Any CPU
		{1E09588D-03F5-40E1-AB79-707D21189763}.Release|Any CPU.ActiveCfg = Release|Any CPU
		{1E09588D-03F5-40E1-AB79-707D21189763}.Release|Any CPU.Build.0 = Release|Any CPU
		{1E09588D-03F5-40E1-AB79-707D21189763}.Release|ARM.ActiveCfg = Release|Any CPU
		{1E09588D-03F5-40E1-AB79-707D21189763}.Release|ARM.Build.0 = Release|Any CPU
		{1E09588D-03F5-40E1-AB79-707D21189763}.Release|x64.ActiveCfg = Release|Any CPU
		{1E09588D-03F5-40E1-AB79-707D21189763}.Release|x64.Build.0 = Release|Any CPU
		{1E09588D-03F5-40E1-AB79-707D21189763}.Release|x86.ActiveCfg = Release|Any CPU
		{1E09588D-03F5-40E1-AB79-707D21189763}.Release|x86.Build.0 = Release|Any CPU
		{138AFA4A-3E54-4577-A7B8-F3EEEE04918F}.Debug|Any CPU.ActiveCfg = Debug|x86
		{138AFA4A-3E54-4577-A7B8-F3EEEE04918F}.Debug|ARM.ActiveCfg = Debug|ARM
		{138AFA4A-3E54-4577-A7B8-F3EEEE04918F}.Debug|ARM.Build.0 = Debug|ARM
		{138AFA4A-3E54-4577-A7B8-F3EEEE04918F}.Debug|ARM.Deploy.0 = Debug|ARM
		{138AFA4A-3E54-4577-A7B8-F3EEEE04918F}.Debug|x64.ActiveCfg = Debug|x64
		{138AFA4A-3E54-4577-A7B8-F3EEEE04918F}.Debug|x64.Build.0 = Debug|x64
		{138AFA4A-3E54-4577-A7B8-F3EEEE04918F}.Debug|x64.Deploy.0 = Debug|x64
		{138AFA4A-3E54-4577-A7B8-F3EEEE04918F}.Debug|x86.ActiveCfg = Debug|x86
		{138AFA4A-3E54-4577-A7B8-F3EEEE04918F}.Debug|x86.Build.0 = Debug|x86
		{138AFA4A-3E54-4577-A7B8-F3EEEE04918F}.Debug|x86.Deploy.0 = Debug|x86
		{138AFA4A-3E54-4577-A7B8-F3EEEE04918F}.Release|Any CPU.ActiveCfg = Release|x86
		{138AFA4A-3E54-4577-A7B8-F3EEEE04918F}.Release|Any CPU.Build.0 = Release|x86
		{138AFA4A-3E54-4577-A7B8-F3EEEE04918F}.Release|ARM.ActiveCfg = Release|ARM
		{138AFA4A-3E54-4577-A7B8-F3EEEE04918F}.Release|ARM.Build.0 = Release|ARM
		{138AFA4A-3E54-4577-A7B8-F3EEEE04918F}.Release|ARM.Deploy.0 = Release|ARM
		{138AFA4A-3E54-4577-A7B8-F3EEEE04918F}.Release|x64.ActiveCfg = Release|x64
		{138AFA4A-3E54-4577-A7B8-F3EEEE04918F}.Release|x64.Build.0 = Release|x64
		{138AFA4A-3E54-4577-A7B8-F3EEEE04918F}.Release|x64.Deploy.0 = Release|x64
		{138AFA4A-3E54-4577-A7B8-F3EEEE04918F}.Release|x86.ActiveCfg = Release|x86
		{138AFA4A-3E54-4577-A7B8-F3EEEE04918F}.Release|x86.Build.0 = Release|x86
		{138AFA4A-3E54-4577-A7B8-F3EEEE04918F}.Release|x86.Deploy.0 = Release|x86
		{42D16C18-94C2-4DE2-B51D-99AD7CC0749F}.Debug|Any CPU.ActiveCfg = Debug|x86
		{42D16C18-94C2-4DE2-B51D-99AD7CC0749F}.Debug|ARM.ActiveCfg = Debug|ARM
		{42D16C18-94C2-4DE2-B51D-99AD7CC0749F}.Debug|ARM.Build.0 = Debug|ARM
		{42D16C18-94C2-4DE2-B51D-99AD7CC0749F}.Debug|ARM.Deploy.0 = Debug|ARM
		{42D16C18-94C2-4DE2-B51D-99AD7CC0749F}.Debug|x64.ActiveCfg = Debug|x64
		{42D16C18-94C2-4DE2-B51D-99AD7CC0749F}.Debug|x64.Build.0 = Debug|x64
		{42D16C18-94C2-4DE2-B51D-99AD7CC0749F}.Debug|x64.Deploy.0 = Debug|x64
		{42D16C18-94C2-4DE2-B51D-99AD7CC0749F}.Debug|x86.ActiveCfg = Debug|x86
		{42D16C18-94C2-4DE2-B51D-99AD7CC0749F}.Debug|x86.Build.0 = Debug|x86
		{42D16C18-94C2-4DE2-B51D-99AD7CC0749F}.Debug|x86.Deploy.0 = Debug|x86
		{42D16C18-94C2-4DE2-B51D-99AD7CC0749F}.Release|Any CPU.ActiveCfg = Release|x86
		{42D16C18-94C2-4DE2-B51D-99AD7CC0749F}.Release|Any CPU.Build.0 = Release|x86
		{42D16C18-94C2-4DE2-B51D-99AD7CC0749F}.Release|ARM.ActiveCfg = Release|ARM
		{42D16C18-94C2-4DE2-B51D-99AD7CC0749F}.Release|ARM.Build.0 = Release|ARM
		{42D16C18-94C2-4DE2-B51D-99AD7CC0749F}.Release|ARM.Deploy.0 = Release|ARM
		{42D16C18-94C2-4DE2-B51D-99AD7CC0749F}.Release|x64.ActiveCfg = Release|x64
		{42D16C18-94C2-4DE2-B51D-99AD7CC0749F}.Release|x64.Build.0 = Release|x64
		{42D16C18-94C2-4DE2-B51D-99AD7CC0749F}.Release|x64.Deploy.0 = Release|x64
		{42D16C18-94C2-4DE2-B51D-99AD7CC0749F}.Release|x86.ActiveCfg = Release|x86
		{42D16C18-94C2-4DE2-B51D-99AD7CC0749F}.Release|x86.Build.0 = Release|x86
		{42D16C18-94C2-4DE2-B51D-99AD7CC0749F}.Release|x86.Deploy.0 = Release|x86
		{9910F489-65B6-45E5-878B-83052A5F6435}.Debug|Any CPU.ActiveCfg = Debug|Any CPU
		{9910F489-65B6-45E5-878B-83052A5F6435}.Debug|Any CPU.Build.0 = Debug|Any CPU
		{9910F489-65B6-45E5-878B-83052A5F6435}.Debug|ARM.ActiveCfg = Debug|Any CPU
		{9910F489-65B6-45E5-878B-83052A5F6435}.Debug|ARM.Build.0 = Debug|Any CPU
		{9910F489-65B6-45E5-878B-83052A5F6435}.Debug|x64.ActiveCfg = Debug|Any CPU
		{9910F489-65B6-45E5-878B-83052A5F6435}.Debug|x64.Build.0 = Debug|Any CPU
		{9910F489-65B6-45E5-878B-83052A5F6435}.Debug|x86.ActiveCfg = Debug|Any CPU
		{9910F489-65B6-45E5-878B-83052A5F6435}.Debug|x86.Build.0 = Debug|Any CPU
		{9910F489-65B6-45E5-878B-83052A5F6435}.Release|Any CPU.ActiveCfg = Release|Any CPU
		{9910F489-65B6-45E5-878B-83052A5F6435}.Release|Any CPU.Build.0 = Release|Any CPU
		{9910F489-65B6-45E5-878B-83052A5F6435}.Release|ARM.ActiveCfg = Release|Any CPU
		{9910F489-65B6-45E5-878B-83052A5F6435}.Release|ARM.Build.0 = Release|Any CPU
		{9910F489-65B6-45E5-878B-83052A5F6435}.Release|x64.ActiveCfg = Release|Any CPU
		{9910F489-65B6-45E5-878B-83052A5F6435}.Release|x64.Build.0 = Release|Any CPU
		{9910F489-65B6-45E5-878B-83052A5F6435}.Release|x86.ActiveCfg = Release|Any CPU
		{9910F489-65B6-45E5-878B-83052A5F6435}.Release|x86.Build.0 = Release|Any CPU
	EndGlobalSection
	GlobalSection(SolutionProperties) = preSolution
		HideSolutionNode = FALSE
	EndGlobalSection
	GlobalSection(NestedProjects) = preSolution
		{61CE62FF-89C3-46DC-9809-8CACBC7DB1EF} = {5A3E9CBE-D0E6-420F-8936-0FBDF5B8631A}
		{AFA9E64E-B021-4331-BE57-BE1A67735638} = {3CA040FC-007C-441B-BBDB-22D95855D242}
		{9D732A27-D124-47A8-9D69-65A56350C50F} = {5A3E9CBE-D0E6-420F-8936-0FBDF5B8631A}
		{F3F641DF-F0C0-46D0-8B2E-717BA76EA449} = {3CA040FC-007C-441B-BBDB-22D95855D242}
		{98A5765E-C0C8-4549-84F9-B0B0946E1A72} = {3CA040FC-007C-441B-BBDB-22D95855D242}
		{E20B6616-B1A4-4F8B-A5A5-DE33E951ECC0} = {5A3E9CBE-D0E6-420F-8936-0FBDF5B8631A}
		{1107064D-9692-4301-971F-6456A00674A9} = {61CE62FF-89C3-46DC-9809-8CACBC7DB1EF}
		{84FF3C33-8230-421D-8FF8-0D506562DA2D} = {61CE62FF-89C3-46DC-9809-8CACBC7DB1EF}
		{F6C99C88-722B-4346-BB06-9B8711C24183} = {9D732A27-D124-47A8-9D69-65A56350C50F}
		{1E09588D-03F5-40E1-AB79-707D21189763} = {F3F641DF-F0C0-46D0-8B2E-717BA76EA449}
		{138AFA4A-3E54-4577-A7B8-F3EEEE04918F} = {AFA9E64E-B021-4331-BE57-BE1A67735638}
		{42D16C18-94C2-4DE2-B51D-99AD7CC0749F} = {AFA9E64E-B021-4331-BE57-BE1A67735638}
		{E6697624-E797-4320-BE35-1C2376A5DC37} = {2CD03D27-70F0-43DD-B46C-559ACC7B7C44}
		{9910F489-65B6-45E5-878B-83052A5F6435} = {3716EAD6-04E0-4787-BC5D-9C191D3C587A}
	EndGlobalSection
EndGlobal
