
Microsoft Visual Studio Solution File, Format Version 12.00
# Visual Studio 14
VisualStudioVersion = 14.0.24720.0
MinimumVisualStudioVersion = 10.0.40219.1
Project("{2150E333-8FDC-42A3-9474-1A3956D46DE8}") = "Documentation", "Documentation", "{305F77CB-88DF-4954-80C3-06B50ABD26E4}"
EndProject
Project("{FAE04EC0-301F-11D3-BF4B-00C04F79EFBC}") = "DecaTec.WebDav", "DecaTec.WebDav\DecaTec.WebDav.csproj", "{E20B6616-B1A4-4F8B-A5A5-DE33E951ECC0}"
EndProject
Project("{7CF6DF6D-3B04-46F8-A40B-537D21BCA0B4}") = "DecaTec.WebDav.Documentation", "DecaTec.WebDav.Documentation\DecaTec.WebDav.Documentation.shfbproj", "{F6C99C88-722B-4346-BB06-9B8711C24183}"
EndProject
Project("{2150E333-8FDC-42A3-9474-1A3956D46DE8}") = "UnitTests", "UnitTests", "{C7ABB0AC-2561-404C-857F-FF1CA0DE06BD}"
EndProject
Project("{FAE04EC0-301F-11D3-BF4B-00C04F79EFBC}") = "DecaTec.WebDav.Test.UnitTest", "UnitTests\DecaTec.WebDav.Test.UnitTest\DecaTec.WebDav.Test.UnitTest.csproj", "{84FF3C33-8230-421D-8FF8-0D506562DA2D}"
EndProject
Project("{FAE04EC0-301F-11D3-BF4B-00C04F79EFBC}") = "DecaTec.WebDav.Test.UnitIntegrationTest", "UnitTests\DecaTec.WebDav.Test.UnitIntegrationTest\DecaTec.WebDav.Test.UnitIntegrationTest.csproj", "{1107064D-9692-4301-971F-6456A00674A9}"
EndProject
Global
	GlobalSection(SolutionConfigurationPlatforms) = preSolution
		Debug|Any CPU = Debug|Any CPU
		Release|Any CPU = Release|Any CPU
	EndGlobalSection
	GlobalSection(ProjectConfigurationPlatforms) = postSolution
		{E20B6616-B1A4-4F8B-A5A5-DE33E951ECC0}.Debug|Any CPU.ActiveCfg = Debug|Any CPU
		{E20B6616-B1A4-4F8B-A5A5-DE33E951ECC0}.Debug|Any CPU.Build.0 = Debug|Any CPU
		{E20B6616-B1A4-4F8B-A5A5-DE33E951ECC0}.Release|Any CPU.ActiveCfg = Release|Any CPU
		{E20B6616-B1A4-4F8B-A5A5-DE33E951ECC0}.Release|Any CPU.Build.0 = Release|Any CPU
		{F6C99C88-722B-4346-BB06-9B8711C24183}.Debug|Any CPU.ActiveCfg = Debug|Any CPU
		{F6C99C88-722B-4346-BB06-9B8711C24183}.Release|Any CPU.ActiveCfg = Release|Any CPU
		{F6C99C88-722B-4346-BB06-9B8711C24183}.Release|Any CPU.Build.0 = Release|Any CPU
		{84FF3C33-8230-421D-8FF8-0D506562DA2D}.Debug|Any CPU.ActiveCfg = Debug|Any CPU
		{84FF3C33-8230-421D-8FF8-0D506562DA2D}.Debug|Any CPU.Build.0 = Debug|Any CPU
		{84FF3C33-8230-421D-8FF8-0D506562DA2D}.Release|Any CPU.ActiveCfg = Release|Any CPU
		{84FF3C33-8230-421D-8FF8-0D506562DA2D}.Release|Any CPU.Build.0 = Release|Any CPU
		{1107064D-9692-4301-971F-6456A00674A9}.Debug|Any CPU.ActiveCfg = Debug|Any CPU
		{1107064D-9692-4301-971F-6456A00674A9}.Debug|Any CPU.Build.0 = Debug|Any CPU
		{1107064D-9692-4301-971F-6456A00674A9}.Release|Any CPU.ActiveCfg = Release|Any CPU
		{1107064D-9692-4301-971F-6456A00674A9}.Release|Any CPU.Build.0 = Release|Any CPU
	EndGlobalSection
	GlobalSection(SolutionProperties) = preSolution
		HideSolutionNode = FALSE
	EndGlobalSection
	GlobalSection(NestedProjects) = preSolution
		{F6C99C88-722B-4346-BB06-9B8711C24183} = {305F77CB-88DF-4954-80C3-06B50ABD26E4}
		{84FF3C33-8230-421D-8FF8-0D506562DA2D} = {C7ABB0AC-2561-404C-857F-FF1CA0DE06BD}
		{1107064D-9692-4301-971F-6456A00674A9} = {C7ABB0AC-2561-404C-857F-FF1CA0DE06BD}
	EndGlobalSection
EndGlobal
